
Microsoft Visual Studio Solution File, Format Version 12.00
# Visual Studio Version 17
VisualStudioVersion = 17.3.32901.215
MinimumVisualStudioVersion = 10.0.40219.1
Project("{FAE04EC0-301F-11D3-BF4B-00C04F79EFBC}") = "Bolum1-uygulama6", "Bolum1-uygulama6\Bolum1-uygulama6.csproj", "{AF9DEDE4-1E6B-405F-B580-BFD66F330A65}"
EndProject
Global
	GlobalSection(SolutionConfigurationPlatforms) = preSolution
		Debug|Any CPU = Debug|Any CPU
		Release|Any CPU = Release|Any CPU
	EndGlobalSection
	GlobalSection(ProjectConfigurationPlatforms) = postSolution
		{AF9DEDE4-1E6B-405F-B580-BFD66F330A65}.Debug|Any CPU.ActiveCfg = Debug|Any CPU
		{AF9DEDE4-1E6B-405F-B580-BFD66F330A65}.Debug|Any CPU.Build.0 = Debug|Any CPU
		{AF9DEDE4-1E6B-405F-B580-BFD66F330A65}.Release|Any CPU.ActiveCfg = Release|Any CPU
		{AF9DEDE4-1E6B-405F-B580-BFD66F330A65}.Release|Any CPU.Build.0 = Release|Any CPU
	EndGlobalSection
	GlobalSection(SolutionProperties) = preSolution
		HideSolutionNode = FALSE
	EndGlobalSection
	GlobalSection(ExtensibilityGlobals) = postSolution
		SolutionGuid = {349B0A8C-7A85-47D3-A107-CF86DB3F63CF}
	EndGlobalSection
EndGlobal
